output/snakemake/analysis/bivariate_HEK293_WT_KO/with_Cond1/LOF0.02
output/snakemake/analysis/bivariate_HEK293_WT_KO/with_Cond1/features.out
output/snakemake/analysis/bivariate_HEK293_WT_KO/with_Cond1/nmf/Cond1_Cond2_NMFpatterns.csv
output/snakemake/jacusa/HEK293_WT_KO/Cond1vsCond2Call2.out
output/snakemake/bam/HEK293_WT_KO/HEK293T-WT-rep2.filtered.calmd.dup.bam
output/snakemake/bam/HEK293_WT_KO/HEK293T-WT-rep3.filtered.calmd.dup.bam
output/snakemake/bam/HEK293_WT_KO/HEK293T-KO-rep2.filtered.calmd.dup.bam
output/snakemake/bam/HEK293_WT_KO/HEK293T-KO-rep3.filtered.calmd.dup.bam
output/snakemake/bam/HEK293_WT_KO/HEK293T-WT-rep2.filtered.calmd.bam
output/snakemake/bam/HEK293_WT_KO/HEK293T-WT-rep2.filtered.bam
../data/HEK293T-WT-rep2.bam
output/snakemake/bam/HEK293_WT_KO/HEK293T-WT-rep3.filtered.calmd.bam
output/snakemake/bam/HEK293_WT_KO/HEK293T-WT-rep3.filtered.bam
../data/HEK293T-WT-rep3.bam
output/snakemake/bam/HEK293_WT_KO/HEK293T-KO-rep2.filtered.calmd.bam
output/snakemake/bam/HEK293_WT_KO/HEK293T-KO-rep2.filtered.bam
../data/HEK293T-KO-rep2.bam
output/snakemake/bam/HEK293_WT_KO/HEK293T-KO-rep3.filtered.calmd.bam
output/snakemake/bam/HEK293_WT_KO/HEK293T-KO-rep3.filtered.bam
../data/HEK293T-KO-rep3.bam
output/snakemake/analysis/bivariate_HEK293_WT_KO/with_Cond1/features.out
